
Microsoft Visual Studio Solution File, Format Version 12.00
# Visual Studio Version 17
VisualStudioVersion = 17.6.33829.357
MinimumVisualStudioVersion = 10.0.40219.1
Project("{2150E333-8FDC-42A3-9474-1A3956D46DE8}") = "src", "src", "{7ADB0D4E-051F-4824-8057-60FF1270F64B}"
EndProject
Project("{2150E333-8FDC-42A3-9474-1A3956D46DE8}") = "test", "test", "{63F6BFC0-28BA-420C-BE78-095E07A4F077}"
EndProject
Project("{2150E333-8FDC-42A3-9474-1A3956D46DE8}") = "App", "App", "{EFF1ED34-87D7-4689-83D5-BB92C0A477D5}"
EndProject
Project("{2150E333-8FDC-42A3-9474-1A3956D46DE8}") = "Libraries", "Libraries", "{85DDB4EF-F76A-46AE-9604-D7EFF774542B}"
EndProject
Project("{2150E333-8FDC-42A3-9474-1A3956D46DE8}") = "Domain", "Domain", "{CEB5036D-DD40-43ED-9CF1-4969D141D636}"
EndProject
Project("{2150E333-8FDC-42A3-9474-1A3956D46DE8}") = "Infrastructure", "Infrastructure", "{51BA49D8-30B7-4840-A996-9A279D046513}"
EndProject
Project("{FAE04EC0-301F-11D3-BF4B-00C04F79EFBC}") = "Employee.Model", "Employee.Model\Employee.Model.csproj", "{A40722D5-22E3-4DBC-BED6-2777A5B4200A}"
EndProject
Project("{FAE04EC0-301F-11D3-BF4B-00C04F79EFBC}") = "Employee.Repository", "Employee.Repository\Employee.Repository.csproj", "{783A384D-4C3C-4135-92DA-42B71BD16DE7}"
EndProject
Project("{FAE04EC0-301F-11D3-BF4B-00C04F79EFBC}") = "Employee.Shared", "Employee.Shared\Employee.Shared.csproj", "{FC044139-0031-4E68-8C4D-6695174196BE}"
EndProject
Project("{FAE04EC0-301F-11D3-BF4B-00C04F79EFBC}") = "Employee.Core", "Employee.Core\Employee.Core.csproj", "{E19DCF59-E939-40CD-8ED2-B102E3C40FF5}"
EndProject
Project("{FAE04EC0-301F-11D3-BF4B-00C04F79EFBC}") = "Employee.Infrastructure", "Employee.Infrastructure\Employee.Infrastructure.csproj", "{816C14FE-35CB-4B45-9B68-971B3CE40476}"
EndProject
Project("{FAE04EC0-301F-11D3-BF4B-00C04F79EFBC}") = "Employee.IoC.Configuration", "Employee.IoC.Configuration\Employee.IoC.Configuration.csproj", "{4800E24F-84B7-4109-8CE1-3F9DC3C50336}"
EndProject
Project("{FAE04EC0-301F-11D3-BF4B-00C04F79EFBC}") = "Employee.Service.Model", "Employee.Service.Model\Employee.Service.Model.csproj", "{F2A7FB6B-AF15-4CF4-80C4-23774221C392}"
EndProject
Project("{FAE04EC0-301F-11D3-BF4B-00C04F79EFBC}") = "Employee.BackEnd", "Employee.BackEnd\Employee.BackEnd.csproj", "{948DDF98-94F7-4CD5-992D-C8EE3DEAB9C5}"
EndProject
Global
	GlobalSection(SolutionConfigurationPlatforms) = preSolution
		Debug|Any CPU = Debug|Any CPU
		Release|Any CPU = Release|Any CPU
	EndGlobalSection
	GlobalSection(ProjectConfigurationPlatforms) = postSolution
		{A40722D5-22E3-4DBC-BED6-2777A5B4200A}.Debug|Any CPU.ActiveCfg = Debug|Any CPU
		{A40722D5-22E3-4DBC-BED6-2777A5B4200A}.Debug|Any CPU.Build.0 = Debug|Any CPU
		{A40722D5-22E3-4DBC-BED6-2777A5B4200A}.Release|Any CPU.ActiveCfg = Release|Any CPU
		{A40722D5-22E3-4DBC-BED6-2777A5B4200A}.Release|Any CPU.Build.0 = Release|Any CPU
		{783A384D-4C3C-4135-92DA-42B71BD16DE7}.Debug|Any CPU.ActiveCfg = Debug|Any CPU
		{783A384D-4C3C-4135-92DA-42B71BD16DE7}.Debug|Any CPU.Build.0 = Debug|Any CPU
		{783A384D-4C3C-4135-92DA-42B71BD16DE7}.Release|Any CPU.ActiveCfg = Release|Any CPU
		{783A384D-4C3C-4135-92DA-42B71BD16DE7}.Release|Any CPU.Build.0 = Release|Any CPU
		{FC044139-0031-4E68-8C4D-6695174196BE}.Debug|Any CPU.ActiveCfg = Debug|Any CPU
		{FC044139-0031-4E68-8C4D-6695174196BE}.Debug|Any CPU.Build.0 = Debug|Any CPU
		{FC044139-0031-4E68-8C4D-6695174196BE}.Release|Any CPU.ActiveCfg = Release|Any CPU
		{FC044139-0031-4E68-8C4D-6695174196BE}.Release|Any CPU.Build.0 = Release|Any CPU
		{E19DCF59-E939-40CD-8ED2-B102E3C40FF5}.Debug|Any CPU.ActiveCfg = Debug|Any CPU
		{E19DCF59-E939-40CD-8ED2-B102E3C40FF5}.Debug|Any CPU.Build.0 = Debug|Any CPU
		{E19DCF59-E939-40CD-8ED2-B102E3C40FF5}.Release|Any CPU.ActiveCfg = Release|Any CPU
		{E19DCF59-E939-40CD-8ED2-B102E3C40FF5}.Release|Any CPU.Build.0 = Release|Any CPU
		{816C14FE-35CB-4B45-9B68-971B3CE40476}.Debug|Any CPU.ActiveCfg = Debug|Any CPU
		{816C14FE-35CB-4B45-9B68-971B3CE40476}.Debug|Any CPU.Build.0 = Debug|Any CPU
		{816C14FE-35CB-4B45-9B68-971B3CE40476}.Release|Any CPU.ActiveCfg = Release|Any CPU
		{816C14FE-35CB-4B45-9B68-971B3CE40476}.Release|Any CPU.Build.0 = Release|Any CPU
		{4800E24F-84B7-4109-8CE1-3F9DC3C50336}.Debug|Any CPU.ActiveCfg = Debug|Any CPU
		{4800E24F-84B7-4109-8CE1-3F9DC3C50336}.Debug|Any CPU.Build.0 = Debug|Any CPU
		{4800E24F-84B7-4109-8CE1-3F9DC3C50336}.Release|Any CPU.ActiveCfg = Release|Any CPU
		{4800E24F-84B7-4109-8CE1-3F9DC3C50336}.Release|Any CPU.Build.0 = Release|Any CPU
		{F2A7FB6B-AF15-4CF4-80C4-23774221C392}.Debug|Any CPU.ActiveCfg = Debug|Any CPU
		{F2A7FB6B-AF15-4CF4-80C4-23774221C392}.Debug|Any CPU.Build.0 = Debug|Any CPU
		{F2A7FB6B-AF15-4CF4-80C4-23774221C392}.Release|Any CPU.ActiveCfg = Release|Any CPU
		{F2A7FB6B-AF15-4CF4-80C4-23774221C392}.Release|Any CPU.Build.0 = Release|Any CPU
		{948DDF98-94F7-4CD5-992D-C8EE3DEAB9C5}.Debug|Any CPU.ActiveCfg = Debug|Any CPU
		{948DDF98-94F7-4CD5-992D-C8EE3DEAB9C5}.Debug|Any CPU.Build.0 = Debug|Any CPU
		{948DDF98-94F7-4CD5-992D-C8EE3DEAB9C5}.Release|Any CPU.ActiveCfg = Release|Any CPU
		{948DDF98-94F7-4CD5-992D-C8EE3DEAB9C5}.Release|Any CPU.Build.0 = Release|Any CPU
	EndGlobalSection
	GlobalSection(SolutionProperties) = preSolution
		HideSolutionNode = FALSE
	EndGlobalSection
	GlobalSection(NestedProjects) = preSolution
		{EFF1ED34-87D7-4689-83D5-BB92C0A477D5} = {7ADB0D4E-051F-4824-8057-60FF1270F64B}
		{85DDB4EF-F76A-46AE-9604-D7EFF774542B} = {7ADB0D4E-051F-4824-8057-60FF1270F64B}
		{CEB5036D-DD40-43ED-9CF1-4969D141D636} = {85DDB4EF-F76A-46AE-9604-D7EFF774542B}
		{51BA49D8-30B7-4840-A996-9A279D046513} = {85DDB4EF-F76A-46AE-9604-D7EFF774542B}
		{A40722D5-22E3-4DBC-BED6-2777A5B4200A} = {CEB5036D-DD40-43ED-9CF1-4969D141D636}
		{783A384D-4C3C-4135-92DA-42B71BD16DE7} = {CEB5036D-DD40-43ED-9CF1-4969D141D636}
		{FC044139-0031-4E68-8C4D-6695174196BE} = {CEB5036D-DD40-43ED-9CF1-4969D141D636}
		{E19DCF59-E939-40CD-8ED2-B102E3C40FF5} = {51BA49D8-30B7-4840-A996-9A279D046513}
		{816C14FE-35CB-4B45-9B68-971B3CE40476} = {51BA49D8-30B7-4840-A996-9A279D046513}
		{4800E24F-84B7-4109-8CE1-3F9DC3C50336} = {51BA49D8-30B7-4840-A996-9A279D046513}
		{F2A7FB6B-AF15-4CF4-80C4-23774221C392} = {51BA49D8-30B7-4840-A996-9A279D046513}
		{948DDF98-94F7-4CD5-992D-C8EE3DEAB9C5} = {EFF1ED34-87D7-4689-83D5-BB92C0A477D5}
	EndGlobalSection
	GlobalSection(ExtensibilityGlobals) = postSolution
		SolutionGuid = {3FE294F6-D1E8-4310-97D9-8C69076F1E0D}
	EndGlobalSection
EndGlobal
